
Microsoft Visual Studio Solution File, Format Version 12.00
# Visual Studio Version 16
VisualStudioVersion = 16.0.30709.64
MinimumVisualStudioVersion = 10.0.40219.1
Project("{2150E333-8FDC-42A3-9474-1A3956D46DE8}") = "src", "src", "{3037A988-F096-44DE-A27B-572423A9EFE6}"
EndProject
Project("{2150E333-8FDC-42A3-9474-1A3956D46DE8}") = "Solution Items", "Solution Items", "{1CE18611-172A-41E6-97B3-52AB11D8C8DF}"
	ProjectSection(SolutionItems) = preProject
		.gitignore = .gitignore
		global.json = global.json
		README.md = README.md
	EndProjectSection
EndProject
Project("{2150E333-8FDC-42A3-9474-1A3956D46DE8}") = "sample", "sample", "{12562CB0-4486-4947-BF88-11F5DC79F000}"
EndProject
Project("{9A19103F-16F7-4668-BE54-9A1E7A4F7556}") = "Dbus", "src\Dbus\Dbus.csproj", "{4BED91A9-F1A3-4668-9212-C3E08886F666}"
EndProject
Project("{9A19103F-16F7-4668-BE54-9A1E7A4F7556}") = "Dbus.CodeGenerator", "src\Dbus.CodeGenerator\Dbus.CodeGenerator.csproj", "{3DC54341-79BF-41B7-8182-D86A443D2335}"
EndProject
Project("{9A19103F-16F7-4668-BE54-9A1E7A4F7556}") = "Dbus.Sample", "sample\Dbus.Sample\Dbus.Sample.csproj", "{5244E0EF-2B9D-4BD4-8A32-E6D8829BC81D}"
EndProject
Project("{9A19103F-16F7-4668-BE54-9A1E7A4F7556}") = "WebApplication.Dbus", "sample\WebApplication.Dbus\WebApplication.Dbus.csproj", "{D254067E-B18B-48B0-A0AD-F81B615E5FF0}"
EndProject
Global
	GlobalSection(SolutionConfigurationPlatforms) = preSolution
		Debug|Any CPU = Debug|Any CPU
		Release|Any CPU = Release|Any CPU
	EndGlobalSection
	GlobalSection(ProjectConfigurationPlatforms) = postSolution
		{4BED91A9-F1A3-4668-9212-C3E08886F666}.Debug|Any CPU.ActiveCfg = Debug|Any CPU
		{4BED91A9-F1A3-4668-9212-C3E08886F666}.Debug|Any CPU.Build.0 = Debug|Any CPU
		{4BED91A9-F1A3-4668-9212-C3E08886F666}.Release|Any CPU.ActiveCfg = Release|Any CPU
		{4BED91A9-F1A3-4668-9212-C3E08886F666}.Release|Any CPU.Build.0 = Release|Any CPU
		{3DC54341-79BF-41B7-8182-D86A443D2335}.Debug|Any CPU.ActiveCfg = Debug|Any CPU
		{3DC54341-79BF-41B7-8182-D86A443D2335}.Debug|Any CPU.Build.0 = Debug|Any CPU
		{3DC54341-79BF-41B7-8182-D86A443D2335}.Release|Any CPU.ActiveCfg = Release|Any CPU
		{3DC54341-79BF-41B7-8182-D86A443D2335}.Release|Any CPU.Build.0 = Release|Any CPU
		{5244E0EF-2B9D-4BD4-8A32-E6D8829BC81D}.Debug|Any CPU.ActiveCfg = Debug|Any CPU
		{5244E0EF-2B9D-4BD4-8A32-E6D8829BC81D}.Debug|Any CPU.Build.0 = Debug|Any CPU
		{5244E0EF-2B9D-4BD4-8A32-E6D8829BC81D}.Release|Any CPU.ActiveCfg = Release|Any CPU
		{5244E0EF-2B9D-4BD4-8A32-E6D8829BC81D}.Release|Any CPU.Build.0 = Release|Any CPU
		{D254067E-B18B-48B0-A0AD-F81B615E5FF0}.Debug|Any CPU.ActiveCfg = Debug|Any CPU
		{D254067E-B18B-48B0-A0AD-F81B615E5FF0}.Debug|Any CPU.Build.0 = Debug|Any CPU
		{D254067E-B18B-48B0-A0AD-F81B615E5FF0}.Release|Any CPU.ActiveCfg = Release|Any CPU
		{D254067E-B18B-48B0-A0AD-F81B615E5FF0}.Release|Any CPU.Build.0 = Release|Any CPU
	EndGlobalSection
	GlobalSection(SolutionProperties) = preSolution
		HideSolutionNode = FALSE
	EndGlobalSection
	GlobalSection(NestedProjects) = preSolution
		{4BED91A9-F1A3-4668-9212-C3E08886F666} = {3037A988-F096-44DE-A27B-572423A9EFE6}
		{3DC54341-79BF-41B7-8182-D86A443D2335} = {3037A988-F096-44DE-A27B-572423A9EFE6}
		{5244E0EF-2B9D-4BD4-8A32-E6D8829BC81D} = {12562CB0-4486-4947-BF88-11F5DC79F000}
		{D254067E-B18B-48B0-A0AD-F81B615E5FF0} = {12562CB0-4486-4947-BF88-11F5DC79F000}
	EndGlobalSection
	GlobalSection(ExtensibilityGlobals) = postSolution
		SolutionGuid = {27E46889-8558-4A2D-9D8C-5F67125552B3}
	EndGlobalSection
EndGlobal
